
Microsoft Visual Studio Solution File, Format Version 12.00
# Visual Studio Version 17
VisualStudioVersion = 17.1.31911.260
MinimumVisualStudioVersion = 10.0.40219.1
Project("{9A19103F-16F7-4668-BE54-9A1E7A4F7556}") = "NumberSearch.Tests", "NumberSearch.Tests\NumberSearch.Tests.csproj", "{508A07B4-358A-4EFB-86A4-17E9E8B6FE1E}"
EndProject
Project("{9A19103F-16F7-4668-BE54-9A1E7A4F7556}") = "NumberSearch.Ingest", "NumberSearch.Ingest\NumberSearch.Ingest.csproj", "{409F1752-B4FF-47AE-932D-7EFAD5509ACB}"
EndProject
Project("{9A19103F-16F7-4668-BE54-9A1E7A4F7556}") = "NumberSearch.DataAccess", "NumberSearch.DataAccess\NumberSearch.DataAccess.csproj", "{D648CD01-2A1A-418A-932D-07987557E749}"
EndProject
Project("{9A19103F-16F7-4668-BE54-9A1E7A4F7556}") = "FirstCom", "FirstCom\FirstCom.csproj", "{EA980F61-1F9E-40CA-AAD9-C1D1284D8C96}"
EndProject
Project("{9A19103F-16F7-4668-BE54-9A1E7A4F7556}") = "NumberSearch.Ops", "NumberSearch.Ops\NumberSearch.Ops.csproj", "{F6EB457F-7E2A-4476-B9A4-C64B177FD8F2}"
EndProject
Project("{9A19103F-16F7-4668-BE54-9A1E7A4F7556}") = "Messaging", "Messaging\Messaging.csproj", "{404CAE52-CC1E-4A61-94C5-8BB9461282B2}"
EndProject
Project("{9A19103F-16F7-4668-BE54-9A1E7A4F7556}") = "NumberSearch.Mvc", "NumberSearch.Mvc\NumberSearch.Mvc.csproj", "{BAF0B8F7-4BFB-4ED5-8540-E98540FC570F}"
EndProject
Global
	GlobalSection(SolutionConfigurationPlatforms) = preSolution
		Debug|Any CPU = Debug|Any CPU
		Release|Any CPU = Release|Any CPU
	EndGlobalSection
	GlobalSection(ProjectConfigurationPlatforms) = postSolution
		{508A07B4-358A-4EFB-86A4-17E9E8B6FE1E}.Debug|Any CPU.ActiveCfg = Debug|Any CPU
		{508A07B4-358A-4EFB-86A4-17E9E8B6FE1E}.Debug|Any CPU.Build.0 = Debug|Any CPU
		{508A07B4-358A-4EFB-86A4-17E9E8B6FE1E}.Release|Any CPU.ActiveCfg = Release|Any CPU
		{508A07B4-358A-4EFB-86A4-17E9E8B6FE1E}.Release|Any CPU.Build.0 = Release|Any CPU
		{409F1752-B4FF-47AE-932D-7EFAD5509ACB}.Debug|Any CPU.ActiveCfg = Debug|Any CPU
		{409F1752-B4FF-47AE-932D-7EFAD5509ACB}.Debug|Any CPU.Build.0 = Debug|Any CPU
		{409F1752-B4FF-47AE-932D-7EFAD5509ACB}.Release|Any CPU.ActiveCfg = Release|Any CPU
		{409F1752-B4FF-47AE-932D-7EFAD5509ACB}.Release|Any CPU.Build.0 = Release|Any CPU
		{D648CD01-2A1A-418A-932D-07987557E749}.Debug|Any CPU.ActiveCfg = Debug|Any CPU
		{D648CD01-2A1A-418A-932D-07987557E749}.Debug|Any CPU.Build.0 = Debug|Any CPU
		{D648CD01-2A1A-418A-932D-07987557E749}.Release|Any CPU.ActiveCfg = Release|Any CPU
		{D648CD01-2A1A-418A-932D-07987557E749}.Release|Any CPU.Build.0 = Release|Any CPU
		{EA980F61-1F9E-40CA-AAD9-C1D1284D8C96}.Debug|Any CPU.ActiveCfg = Debug|Any CPU
		{EA980F61-1F9E-40CA-AAD9-C1D1284D8C96}.Debug|Any CPU.Build.0 = Debug|Any CPU
		{EA980F61-1F9E-40CA-AAD9-C1D1284D8C96}.Release|Any CPU.ActiveCfg = Release|Any CPU
		{EA980F61-1F9E-40CA-AAD9-C1D1284D8C96}.Release|Any CPU.Build.0 = Release|Any CPU
		{F6EB457F-7E2A-4476-B9A4-C64B177FD8F2}.Debug|Any CPU.ActiveCfg = Debug|Any CPU
		{F6EB457F-7E2A-4476-B9A4-C64B177FD8F2}.Debug|Any CPU.Build.0 = Debug|Any CPU
		{F6EB457F-7E2A-4476-B9A4-C64B177FD8F2}.Release|Any CPU.ActiveCfg = Release|Any CPU
		{F6EB457F-7E2A-4476-B9A4-C64B177FD8F2}.Release|Any CPU.Build.0 = Release|Any CPU
		{404CAE52-CC1E-4A61-94C5-8BB9461282B2}.Debug|Any CPU.ActiveCfg = Debug|Any CPU
		{404CAE52-CC1E-4A61-94C5-8BB9461282B2}.Debug|Any CPU.Build.0 = Debug|Any CPU
		{404CAE52-CC1E-4A61-94C5-8BB9461282B2}.Release|Any CPU.ActiveCfg = Release|Any CPU
		{404CAE52-CC1E-4A61-94C5-8BB9461282B2}.Release|Any CPU.Build.0 = Release|Any CPU
		{BAF0B8F7-4BFB-4ED5-8540-E98540FC570F}.Debug|Any CPU.ActiveCfg = Debug|Any CPU
		{BAF0B8F7-4BFB-4ED5-8540-E98540FC570F}.Debug|Any CPU.Build.0 = Debug|Any CPU
		{BAF0B8F7-4BFB-4ED5-8540-E98540FC570F}.Release|Any CPU.ActiveCfg = Release|Any CPU
		{BAF0B8F7-4BFB-4ED5-8540-E98540FC570F}.Release|Any CPU.Build.0 = Release|Any CPU
	EndGlobalSection
	GlobalSection(SolutionProperties) = preSolution
		HideSolutionNode = FALSE
	EndGlobalSection
	GlobalSection(ExtensibilityGlobals) = postSolution
		SolutionGuid = {D8ED4A6B-8630-4A26-B5D8-13679F80998C}
	EndGlobalSection
EndGlobal
